
Microsoft Visual Studio Solution File, Format Version 12.00
# Visual Studio Version 17
VisualStudioVersion = 17.6.33829.357
MinimumVisualStudioVersion = 10.0.40219.1
Project("{FAE04EC0-301F-11D3-BF4B-00C04F79EFBC}") = "FoodDeliveryApi", "FoodDeliveryApi\FoodDeliveryApi.csproj", "{D729730C-C169-4EB3-B571-2DCA2F6062A9}"
EndProject
Global
	GlobalSection(SolutionConfigurationPlatforms) = preSolution
		Debug|Any CPU = Debug|Any CPU
		Release|Any CPU = Release|Any CPU
	EndGlobalSection
	GlobalSection(ProjectConfigurationPlatforms) = postSolution
		{D729730C-C169-4EB3-B571-2DCA2F6062A9}.Debug|Any CPU.ActiveCfg = Debug|Any CPU
		{D729730C-C169-4EB3-B571-2DCA2F6062A9}.Debug|Any CPU.Build.0 = Debug|Any CPU
		{D729730C-C169-4EB3-B571-2DCA2F6062A9}.Release|Any CPU.ActiveCfg = Release|Any CPU
		{D729730C-C169-4EB3-B571-2DCA2F6062A9}.Release|Any CPU.Build.0 = Release|Any CPU
	EndGlobalSection
	GlobalSection(SolutionProperties) = preSolution
		HideSolutionNode = FALSE
	EndGlobalSection
	GlobalSection(ExtensibilityGlobals) = postSolution
		SolutionGuid = {30BC274D-DDC3-4D38-BB61-C45FE9CD109D}
	EndGlobalSection
EndGlobal
